// !$*UTF8*$!
{
	archiveVersion = 1;
	classes = {
	};
	objectVersion = 46;
	objects = {

/* Begin PBXBuildFile section */
		CA211CC91E75EF26006794B9 /* Author.swift in Sources */ = {isa = PBXBuildFile; fileRef = CA211CC81E75EF26006794B9 /* Author.swift */; };
		CA211CCB1E75EF2D006794B9 /* Book.swift in Sources */ = {isa = PBXBuildFile; fileRef = CA211CCA1E75EF2D006794B9 /* Book.swift */; };
		CA211CCD1E75F1D6006794B9 /* AuthorTableViewController.swift in Sources */ = {isa = PBXBuildFile; fileRef = CA211CCC1E75F1D6006794B9 /* AuthorTableViewController.swift */; };
		CA211CCF1E75F1E1006794B9 /* BookTableViewController.swift in Sources */ = {isa = PBXBuildFile; fileRef = CA211CCE1E75F1E1006794B9 /* BookTableViewController.swift */; };
		CA56C2881E76741F003604AA /* BookDetailViewController.swift in Sources */ = {isa = PBXBuildFile; fileRef = CA56C2871E76741F003604AA /* BookDetailViewController.swift */; };
		CA56C28C1E768000003604AA /* AuthorDetailViewController.swift in Sources */ = {isa = PBXBuildFile; fileRef = CA56C28B1E768000003604AA /* AuthorDetailViewController.swift */; };
		CAB466441E7337D10047B4BB /* AppDelegate.swift in Sources */ = {isa = PBXBuildFile; fileRef = CAB466431E7337D10047B4BB /* AppDelegate.swift */; };
		CAB466491E7337D10047B4BB /* Main.storyboard in Resources */ = {isa = PBXBuildFile; fileRef = CAB466471E7337D10047B4BB /* Main.storyboard */; };
		CAB4664C1E7337D10047B4BB /* TP5.xcdatamodeld in Sources */ = {isa = PBXBuildFile; fileRef = CAB4664A1E7337D10047B4BB /* TP5.xcdatamodeld */; };
		CAB4664E1E7337D10047B4BB /* Assets.xcassets in Resources */ = {isa = PBXBuildFile; fileRef = CAB4664D1E7337D10047B4BB /* Assets.xcassets */; };
		CAB466511E7337D10047B4BB /* LaunchScreen.storyboard in Resources */ = {isa = PBXBuildFile; fileRef = CAB4664F1E7337D10047B4BB /* LaunchScreen.storyboard */; };
		CAB466591E73447F0047B4BB /* CoreDataStack.swift in Sources */ = {isa = PBXBuildFile; fileRef = CAB466581E73447F0047B4BB /* CoreDataStack.swift */; };
		CAB4665B1E7344910047B4BB /* InitialData.plist in Resources */ = {isa = PBXBuildFile; fileRef = CAB4665A1E7344910047B4BB /* InitialData.plist */; };
		CAC347911E772AA400F992FE /* Localizable.strings in Resources */ = {isa = PBXBuildFile; fileRef = CAC347931E772AA400F992FE /* Localizable.strings */; };
/* End PBXBuildFile section */

/* Begin PBXFileReference section */
		CA211CC81E75EF26006794B9 /* Author.swift */ = {isa = PBXFileReference; fileEncoding = 4; lastKnownFileType = sourcecode.swift; path = Author.swift; sourceTree = "<group>"; };
		CA211CCA1E75EF2D006794B9 /* Book.swift */ = {isa = PBXFileReference; fileEncoding = 4; lastKnownFileType = sourcecode.swift; path = Book.swift; sourceTree = "<group>"; };
		CA211CCC1E75F1D6006794B9 /* AuthorTableViewController.swift */ = {isa = PBXFileReference; fileEncoding = 4; lastKnownFileType = sourcecode.swift; path = AuthorTableViewController.swift; sourceTree = "<group>"; };
		CA211CCE1E75F1E1006794B9 /* BookTableViewController.swift */ = {isa = PBXFileReference; fileEncoding = 4; lastKnownFileType = sourcecode.swift; path = BookTableViewController.swift; sourceTree = "<group>"; };
		CA56C2871E76741F003604AA /* BookDetailViewController.swift */ = {isa = PBXFileReference; fileEncoding = 4; lastKnownFileType = sourcecode.swift; path = BookDetailViewController.swift; sourceTree = "<group>"; };
		CA56C28B1E768000003604AA /* AuthorDetailViewController.swift */ = {isa = PBXFileReference; fileEncoding = 4; lastKnownFileType = sourcecode.swift; path = AuthorDetailViewController.swift; sourceTree = "<group>"; };
		CAB466401E7337D10047B4BB /* TP5.app */ = {isa = PBXFileReference; explicitFileType = wrapper.application; includeInIndex = 0; path = TP5.app; sourceTree = BUILT_PRODUCTS_DIR; };
		CAB466431E7337D10047B4BB /* AppDelegate.swift */ = {isa = PBXFileReference; lastKnownFileType = sourcecode.swift; path = AppDelegate.swift; sourceTree = "<group>"; };
		CAB466481E7337D10047B4BB /* Base */ = {isa = PBXFileReference; lastKnownFileType = file.storyboard; name = Base; path = Base.lproj/Main.storyboard; sourceTree = "<group>"; };
		CAB4664B1E7337D10047B4BB /* TP5.xcdatamodel */ = {isa = PBXFileReference; lastKnownFileType = wrapper.xcdatamodel; path = TP5.xcdatamodel; sourceTree = "<group>"; };
		CAB4664D1E7337D10047B4BB /* Assets.xcassets */ = {isa = PBXFileReference; lastKnownFileType = folder.assetcatalog; path = Assets.xcassets; sourceTree = "<group>"; };
		CAB466501E7337D10047B4BB /* Base */ = {isa = PBXFileReference; lastKnownFileType = file.storyboard; name = Base; path = Base.lproj/LaunchScreen.storyboard; sourceTree = "<group>"; };
		CAB466521E7337D10047B4BB /* Info.plist */ = {isa = PBXFileReference; lastKnownFileType = text.plist.xml; path = Info.plist; sourceTree = "<group>"; };
		CAB466581E73447F0047B4BB /* CoreDataStack.swift */ = {isa = PBXFileReference; fileEncoding = 4; lastKnownFileType = sourcecode.swift; path = CoreDataStack.swift; sourceTree = "<group>"; };
		CAB4665A1E7344910047B4BB /* InitialData.plist */ = {isa = PBXFileReference; fileEncoding = 4; lastKnownFileType = text.plist.xml; name = InitialData.plist; path = resources/InitialData.plist; sourceTree = SOURCE_ROOT; };
		CAC3478D1E77291B00F992FE /* fr */ = {isa = PBXFileReference; lastKnownFileType = text.plist.strings; name = fr; path = fr.lproj/Main.strings; sourceTree = "<group>"; };
		CAC3478E1E77291B00F992FE /* fr */ = {isa = PBXFileReference; lastKnownFileType = text.plist.strings; name = fr; path = fr.lproj/LaunchScreen.strings; sourceTree = "<group>"; };
		CAC347921E772AA400F992FE /* Base */ = {isa = PBXFileReference; lastKnownFileType = text.plist.strings; name = Base; path = Base.lproj/Localizable.strings; sourceTree = "<group>"; };
		CAC347941E772AA500F992FE /* fr */ = {isa = PBXFileReference; lastKnownFileType = text.plist.strings; name = fr; path = fr.lproj/Localizable.strings; sourceTree = "<group>"; };
/* End PBXFileReference section */

/* Begin PBXFrameworksBuildPhase section */
		CAB4663D1E7337D10047B4BB /* Frameworks */ = {
			isa = PBXFrameworksBuildPhase;
			buildActionMask = 2147483647;
			files = (
			);
			runOnlyForDeploymentPostprocessing = 0;
		};
/* End PBXFrameworksBuildPhase section */

/* Begin PBXGroup section */
		CA56C2891E767424003604AA /* Book */ = {
			isa = PBXGroup;
			children = (
				CA56C2871E76741F003604AA /* BookDetailViewController.swift */,
				CA211CCE1E75F1E1006794B9 /* BookTableViewController.swift */,
			);
			name = Book;
			sourceTree = "<group>";
		};
		CA56C28A1E76742E003604AA /* Author */ = {
			isa = PBXGroup;
			children = (
				CA211CCC1E75F1D6006794B9 /* AuthorTableViewController.swift */,
				CA56C28B1E768000003604AA /* AuthorDetailViewController.swift */,
			);
			name = Author;
			sourceTree = "<group>";
		};
		CA841D471E73B66400D59F1D /* Model */ = {
			isa = PBXGroup;
			children = (
				CAB4664A1E7337D10047B4BB /* TP5.xcdatamodeld */,
				CAB466581E73447F0047B4BB /* CoreDataStack.swift */,
				CA211CC81E75EF26006794B9 /* Author.swift */,
				CA211CCA1E75EF2D006794B9 /* Book.swift */,
			);
			name = Model;
			sourceTree = "<group>";
		};
		CA841D481E73B66800D59F1D /* View */ = {
			isa = PBXGroup;
			children = (
				CAB466471E7337D10047B4BB /* Main.storyboard */,
				CAB4664F1E7337D10047B4BB /* LaunchScreen.storyboard */,
			);
			name = View;
			sourceTree = "<group>";
		};
		CA841D491E73B66B00D59F1D /* Controller */ = {
			isa = PBXGroup;
			children = (
				CA56C28A1E76742E003604AA /* Author */,
				CA56C2891E767424003604AA /* Book */,
			);
			name = Controller;
			sourceTree = "<group>";
		};
		CA841D4A1E73B6BA00D59F1D /* Supporting Files */ = {
			isa = PBXGroup;
			children = (
				CAB466431E7337D10047B4BB /* AppDelegate.swift */,
				CAB4664D1E7337D10047B4BB /* Assets.xcassets */,
				CAB466521E7337D10047B4BB /* Info.plist */,
				CAB4665A1E7344910047B4BB /* InitialData.plist */,
			);
			name = "Supporting Files";
			sourceTree = "<group>";
		};
		CAB466371E7337D10047B4BB = {
			isa = PBXGroup;
			children = (
				CAB466421E7337D10047B4BB /* TP5 */,
				CAB466411E7337D10047B4BB /* Products */,
			);
			sourceTree = "<group>";
		};
		CAB466411E7337D10047B4BB /* Products */ = {
			isa = PBXGroup;
			children = (
				CAB466401E7337D10047B4BB /* TP5.app */,
			);
			name = Products;
			sourceTree = "<group>";
		};
		CAB466421E7337D10047B4BB /* TP5 */ = {
			isa = PBXGroup;
			children = (
				CA841D471E73B66400D59F1D /* Model */,
				CA841D481E73B66800D59F1D /* View */,
				CA841D491E73B66B00D59F1D /* Controller */,
				CA841D4A1E73B6BA00D59F1D /* Supporting Files */,
				CAC347931E772AA400F992FE /* Localizable.strings */,
			);
			path = TP5;
			sourceTree = "<group>";
		};
/* End PBXGroup section */

/* Begin PBXNativeTarget section */
		CAB4663F1E7337D10047B4BB /* TP5 */ = {
			isa = PBXNativeTarget;
			buildConfigurationList = CAB466551E7337D10047B4BB /* Build configuration list for PBXNativeTarget "TP5" */;
			buildPhases = (
				CAB4663C1E7337D10047B4BB /* Sources */,
				CAB4663D1E7337D10047B4BB /* Frameworks */,
				CAB4663E1E7337D10047B4BB /* Resources */,
			);
			buildRules = (
			);
			dependencies = (
			);
			name = TP5;
			productName = TP5;
			productReference = CAB466401E7337D10047B4BB /* TP5.app */;
			productType = "com.apple.product-type.application";
		};
/* End PBXNativeTarget section */

/* Begin PBXProject section */
		CAB466381E7337D10047B4BB /* Project object */ = {
			isa = PBXProject;
			attributes = {
				LastSwiftUpdateCheck = 0820;
				LastUpgradeCheck = 0820;
				ORGANIZATIONNAME = "Antoine Hébert";
				TargetAttributes = {
					CAB4663F1E7337D10047B4BB = {
						CreatedOnToolsVersion = 8.2.1;
						ProvisioningStyle = Automatic;
					};
				};
			};
			buildConfigurationList = CAB4663B1E7337D10047B4BB /* Build configuration list for PBXProject "TP5" */;
			compatibilityVersion = "Xcode 3.2";
			developmentRegion = English;
			hasScannedForEncodings = 0;
			knownRegions = (
				en,
				Base,
				fr,
			);
			mainGroup = CAB466371E7337D10047B4BB;
			productRefGroup = CAB466411E7337D10047B4BB /* Products */;
			projectDirPath = "";
			projectRoot = "";
			targets = (
				CAB4663F1E7337D10047B4BB /* TP5 */,
			);
		};
/* End PBXProject section */

/* Begin PBXResourcesBuildPhase section */
		CAB4663E1E7337D10047B4BB /* Resources */ = {
			isa = PBXResourcesBuildPhase;
			buildActionMask = 2147483647;
			files = (
				CAC347911E772AA400F992FE /* Localizable.strings in Resources */,
				CAB466511E7337D10047B4BB /* LaunchScreen.storyboard in Resources */,
				CAB4664E1E7337D10047B4BB /* Assets.xcassets in Resources */,
				CAB466491E7337D10047B4BB /* Main.storyboard in Resources */,
				CAB4665B1E7344910047B4BB /* InitialData.plist in Resources */,
			);
			runOnlyForDeploymentPostprocessing = 0;
		};
/* End PBXResourcesBuildPhase section */

/* Begin PBXSourcesBuildPhase section */
		CAB4663C1E7337D10047B4BB /* Sources */ = {
			isa = PBXSourcesBuildPhase;
			buildActionMask = 2147483647;
			files = (
				CAB4664C1E7337D10047B4BB /* TP5.xcdatamodeld in Sources */,
				CA211CCF1E75F1E1006794B9 /* BookTableViewController.swift in Sources */,
				CA211CCB1E75EF2D006794B9 /* Book.swift in Sources */,
				CAB466441E7337D10047B4BB /* AppDelegate.swift in Sources */,
				CA211CCD1E75F1D6006794B9 /* AuthorTableViewController.swift in Sources */,
				CAB466591E73447F0047B4BB /* CoreDataStack.swift in Sources */,
				CA56C2881E76741F003604AA /* BookDetailViewController.swift in Sources */,
				CA56C28C1E768000003604AA /* AuthorDetailViewController.swift in Sources */,
				CA211CC91E75EF26006794B9 /* Author.swift in Sources */,
			);
			runOnlyForDeploymentPostprocessing = 0;
		};
/* End PBXSourcesBuildPhase section */

/* Begin PBXVariantGroup section */
		CAB466471E7337D10047B4BB /* Main.storyboard */ = {
			isa = PBXVariantGroup;
			children = (
				CAB466481E7337D10047B4BB /* Base */,
				CAC3478D1E77291B00F992FE /* fr */,
			);
			name = Main.storyboard;
			sourceTree = "<group>";
		};
		CAB4664F1E7337D10047B4BB /* LaunchScreen.storyboard */ = {
			isa = PBXVariantGroup;
			children = (
				CAB466501E7337D10047B4BB /* Base */,
				CAC3478E1E77291B00F992FE /* fr */,
			);
			name = LaunchScreen.storyboard;
			sourceTree = "<group>";
		};
		CAC347931E772AA400F992FE /* Localizable.strings */ = {
			isa = PBXVariantGroup;
			children = (
				CAC347921E772AA400F992FE /* Base */,
				CAC347941E772AA500F992FE /* fr */,
			);
			name = Localizable.strings;
			sourceTree = "<group>";
		};
/* End PBXVariantGroup section */

/* Begin XCBuildConfiguration section */
		CAB466531E7337D10047B4BB /* Debug */ = {
			isa = XCBuildConfiguration;
			buildSettings = {
				ALWAYS_SEARCH_USER_PATHS = NO;
				CLANG_ANALYZER_LOCALIZABILITY_NONLOCALIZED = YES;
				CLANG_ANALYZER_NONNULL = YES;
				CLANG_CXX_LANGUAGE_STANDARD = "gnu++0x";
				CLANG_CXX_LIBRARY = "libc++";
				CLANG_ENABLE_MODULES = YES;
				CLANG_ENABLE_OBJC_ARC = YES;
				CLANG_WARN_BOOL_CONVERSION = YES;
				CLANG_WARN_CONSTANT_CONVERSION = YES;
				CLANG_WARN_DIRECT_OBJC_ISA_USAGE = YES_ERROR;
				CLANG_WARN_DOCUMENTATION_COMMENTS = YES;
				CLANG_WARN_EMPTY_BODY = YES;
				CLANG_WARN_ENUM_CONVERSION = YES;
				CLANG_WARN_INFINITE_RECURSION = YES;
				CLANG_WARN_INT_CONVERSION = YES;
				CLANG_WARN_OBJC_ROOT_CLASS = YES_ERROR;
				CLANG_WARN_SUSPICIOUS_MOVE = YES;
				CLANG_WARN_UNREACHABLE_CODE = YES;
				CLANG_WARN__DUPLICATE_METHOD_MATCH = YES;
				"CODE_SIGN_IDENTITY[sdk=iphoneos*]" = "iPhone Developer";
				COPY_PHASE_STRIP = NO;
				DEBUG_INFORMATION_FORMAT = dwarf;
				ENABLE_STRICT_OBJC_MSGSEND = YES;
				ENABLE_TESTABILITY = YES;
				GCC_C_LANGUAGE_STANDARD = gnu99;
				GCC_DYNAMIC_NO_PIC = NO;
				GCC_NO_COMMON_BLOCKS = YES;
				GCC_OPTIMIZATION_LEVEL = 0;
				GCC_PREPROCESSOR_DEFINITIONS = (
					"DEBUG=1",
					"$(inherited)",
				);
				GCC_WARN_64_TO_32_BIT_CONVERSION = YES;
				GCC_WARN_ABOUT_RETURN_TYPE = YES_ERROR;
				GCC_WARN_UNDECLARED_SELECTOR = YES;
				GCC_WARN_UNINITIALIZED_AUTOS = YES_AGGRESSIVE;
				GCC_WARN_UNUSED_FUNCTION = YES;
				GCC_WARN_UNUSED_VARIABLE = YES;
				IPHONEOS_DEPLOYMENT_TARGET = 10.2;
				MTL_ENABLE_DEBUG_INFO = YES;
				ONLY_ACTIVE_ARCH = YES;
				SDKROOT = iphoneos;
				SWIFT_ACTIVE_COMPILATION_CONDITIONS = DEBUG;
				SWIFT_OPTIMIZATION_LEVEL = "-Onone";
				TARGETED_DEVICE_FAMILY = "1,2";
			};
			name = Debug;
		};
		CAB466541E7337D10047B4BB /* Release */ = {
			isa = XCBuildConfiguration;
			buildSettings = {
				ALWAYS_SEARCH_USER_PATHS = NO;
				CLANG_ANALYZER_LOCALIZABILITY_NONLOCALIZED = YES;
				CLANG_ANALYZER_NONNULL = YES;
				CLANG_CXX_LANGUAGE_STANDARD = "gnu++0x";
				CLANG_CXX_LIBRARY = "libc++";
				CLANG_ENABLE_MODULES = YES;
				CLANG_ENABLE_OBJC_ARC = YES;
				CLANG_WARN_BOOL_CONVERSION = YES;
				CLANG_WARN_CONSTANT_CONVERSION = YES;
				CLANG_WARN_DIRECT_OBJC_ISA_USAGE = YES_ERROR;
				CLANG_WARN_DOCUMENTATION_COMMENTS = YES;
				CLANG_WARN_EMPTY_BODY = YES;
				CLANG_WARN_ENUM_CONVERSION = YES;
				CLANG_WARN_INFINITE_RECURSION = YES;
				CLANG_WARN_INT_CONVERSION = YES;
				CLANG_WARN_OBJC_ROOT_CLASS = YES_ERROR;
				CLANG_WARN_SUSPICIOUS_MOVE = YES;
				CLANG_WARN_UNREACHABLE_CODE = YES;
				CLANG_WARN__DUPLICATE_METHOD_MATCH = YES;
				"CODE_SIGN_IDENTITY[sdk=iphoneos*]" = "iPhone Developer";
				COPY_PHASE_STRIP = NO;
				DEBUG_INFORMATION_FORMAT = "dwarf-with-dsym";
				ENABLE_NS_ASSERTIONS = NO;
				ENABLE_STRICT_OBJC_MSGSEND = YES;
				GCC_C_LANGUAGE_STANDARD = gnu99;
				GCC_NO_COMMON_BLOCKS = YES;
				GCC_WARN_64_TO_32_BIT_CONVERSION = YES;
				GCC_WARN_ABOUT_RETURN_TYPE = YES_ERROR;
				GCC_WARN_UNDECLARED_SELECTOR = YES;
				GCC_WARN_UNINITIALIZED_AUTOS = YES_AGGRESSIVE;
				GCC_WARN_UNUSED_FUNCTION = YES;
				GCC_WARN_UNUSED_VARIABLE = YES;
				IPHONEOS_DEPLOYMENT_TARGET = 10.2;
				MTL_ENABLE_DEBUG_INFO = NO;
				SDKROOT = iphoneos;
				SWIFT_OPTIMIZATION_LEVEL = "-Owholemodule";
				TARGETED_DEVICE_FAMILY = "1,2";
				VALIDATE_PRODUCT = YES;
			};
			name = Release;
		};
		CAB466561E7337D10047B4BB /* Debug */ = {
			isa = XCBuildConfiguration;
			buildSettings = {
				ASSETCATALOG_COMPILER_APPICON_NAME = AppIcon;
				INFOPLIST_FILE = TP5/Info.plist;
				LD_RUNPATH_SEARCH_PATHS = "$(inherited) @executable_path/Frameworks";
				PRODUCT_BUNDLE_IDENTIFIER = PAM.TP5;
				PRODUCT_NAME = "$(TARGET_NAME)";
				SWIFT_VERSION = 3.0;
			};
			name = Debug;
		};
		CAB466571E7337D10047B4BB /* Release */ = {
			isa = XCBuildConfiguration;
			buildSettings = {
				ASSETCATALOG_COMPILER_APPICON_NAME = AppIcon;
				INFOPLIST_FILE = TP5/Info.plist;
				LD_RUNPATH_SEARCH_PATHS = "$(inherited) @executable_path/Frameworks";
				PRODUCT_BUNDLE_IDENTIFIER = PAM.TP5;
				PRODUCT_NAME = "$(TARGET_NAME)";
				SWIFT_VERSION = 3.0;
			};
			name = Release;
		};
/* End XCBuildConfiguration section */

/* Begin XCConfigurationList section */
		CAB4663B1E7337D10047B4BB /* Build configuration list for PBXProject "TP5" */ = {
			isa = XCConfigurationList;
			buildConfigurations = (
				CAB466531E7337D10047B4BB /* Debug */,
				CAB466541E7337D10047B4BB /* Release */,
			);
			defaultConfigurationIsVisible = 0;
			defaultConfigurationName = Release;
		};
		CAB466551E7337D10047B4BB /* Build configuration list for PBXNativeTarget "TP5" */ = {
			isa = XCConfigurationList;
			buildConfigurations = (
				CAB466561E7337D10047B4BB /* Debug */,
				CAB466571E7337D10047B4BB /* Release */,
			);
			defaultConfigurationIsVisible = 0;
			defaultConfigurationName = Release;
		};
/* End XCConfigurationList section */

/* Begin XCVersionGroup section */
		CAB4664A1E7337D10047B4BB /* TP5.xcdatamodeld */ = {
			isa = XCVersionGroup;
			children = (
				CAB4664B1E7337D10047B4BB /* TP5.xcdatamodel */,
			);
			currentVersion = CAB4664B1E7337D10047B4BB /* TP5.xcdatamodel */;
			path = TP5.xcdatamodeld;
			sourceTree = "<group>";
			versionGroupType = wrapper.xcdatamodel;
		};
/* End XCVersionGroup section */
	};
	rootObject = CAB466381E7337D10047B4BB /* Project object */;
}
